# .skills.lock — auto-generated, commit to repo
locked_at: 2026-02-13T16:12:00.906Z
skills:
  - slug: expo-audio
    sha256: 60d33cb791cb9770abacff047976a1aafb6fe951ae068d8e1c5ee8aedad94002
  - slug: expo-glass-effect
    sha256: f1d5035626affce5a17bb30a7d7aaeb3152c965e07f891a04cfc5f1e4ed5dfdd
  - slug: expo-router
    sha256: 202b315c374ae6e07427c443e1c698459ede0a79ca2596d5551ee7d21854d0fe
  - slug: rn-button-component
    sha256: 806ee855fc4b1ff57896526e31912b2fcfa8c3403e65f0ae55b1c951f08ff292
  - slug: spaced-repetition
    sha256: 145d478d785389d4147ce166d473f6434f04e37480bec32d369f536ad2f3a325
  - slug: watermelondb
    sha256: 4cbe96fd56ab037b5efec0c940eecf9994da197c2a20d4b66d581005186ed5d8
  - slug: code-review
    sha256: 0e076a7f11a50ccf46bfefec1654346ae0e443022a3fba91ef5ecc0b8b49e732
  - slug: gemini-api
    sha256: 5b9ebbded56eccc9e2f6c413ffcde683615895c967aecae184f04c64fc6dc8a0
  - slug: zod-v4-patterns
    sha256: e43ec9383a90fb3cca3a0fcdbebbd7e3f28e504948e721dfb2b39462eb715804
  - slug: brainstorming
    sha256: d4aff6758a1bd39d122f7be66c1e61ccd0250c2c1aa67bcfdc05ab5dd958776c
  - slug: brainstorm
    sha256: d4aff6758a1bd39d122f7be66c1e61ccd0250c2c1aa67bcfdc05ab5dd958776c
